
Microsoft Visual Studio Solution File, Format Version 12.00
# Visual Studio 2012
Project("{FAE04EC0-301F-11D3-BF4B-00C04F79EFBC}") = "S_FixedAsset", "S_FixedAsset\S_FixedAsset.csproj", "{51F57637-F200-423E-A2A7-9319911C51DD}"
EndProject
Project("{FAE04EC0-301F-11D3-BF4B-00C04F79EFBC}") = "S_GoodsReceipt", "S_GoodsReceipt\S_GoodsReceipt.csproj", "{61B2703C-7A00-48E1-B651-675FE7CB9577}"
EndProject
Project("{FAE04EC0-301F-11D3-BF4B-00C04F79EFBC}") = "S_GoodsReceiptPO", "S_GoodsReceiptPO\S_GoodsReceiptPO.csproj", "{B3134511-6377-4D61-8D92-3484B0D2B800}"
EndProject
Project("{FAE04EC0-301F-11D3-BF4B-00C04F79EFBC}") = "S_OutGoingPayments", "S_OutGoingPayments\S_OutGoingPayments.csproj", "{596286BD-1CC5-4117-8FE5-9E80EFDBD044}"
EndProject
Project("{FAE04EC0-301F-11D3-BF4B-00C04F79EFBC}") = "ProjectManagement_Function_AddOn", "ProjectManagement_Function_AddOn\ProjectManagement_Function_AddOn.csproj", "{17D8843D-4AAE-4978-8A82-76616496E20D}"
EndProject
Project("{FAE04EC0-301F-11D3-BF4B-00C04F79EFBC}") = "U_KLTT", "U_KLTT\U_KLTT.csproj", "{16A72916-D106-44E3-9036-11CE1A2DEE28}"
EndProject
Project("{FAE04EC0-301F-11D3-BF4B-00C04F79EFBC}") = "S_GoodsIssue", "S_GoodsIssue\S_GoodsIssue.csproj", "{AE2A8756-902A-45F4-A28C-2814B56E282D}"
EndProject
Project("{FAE04EC0-301F-11D3-BF4B-00C04F79EFBC}") = "S_GoodsReturn", "S_GoodsReturn\S_GoodsReturn.csproj", "{020FABA5-1147-42D6-8872-77628558B153}"
EndProject
Project("{FAE04EC0-301F-11D3-BF4B-00C04F79EFBC}") = "S_Delivery", "S_Delivery\S_Delivery.csproj", "{C88553BB-9F09-42B0-9B95-EC7D451A1DB9}"
EndProject
Project("{FAE04EC0-301F-11D3-BF4B-00C04F79EFBC}") = "S_InventoryTransfer", "S_InventoryTransfer\S_InventoryTransfer.csproj", "{60D55FAD-DDF7-4F47-BEE2-3A42718C62FE}"
EndProject
Project("{FAE04EC0-301F-11D3-BF4B-00C04F79EFBC}") = "S_Issue4Production", "S_Issue2Production\S_Issue4Production.csproj", "{DB837E67-4B88-40D9-87C4-BF1DF00F54AD}"
EndProject
Project("{FAE04EC0-301F-11D3-BF4B-00C04F79EFBC}") = "S_ReceiptFromProduction", "S_Receipt2Production\S_ReceiptFromProduction.csproj", "{B4427555-23A9-49F9-90A8-6D93B8B7A632}"
EndProject
Project("{FAE04EC0-301F-11D3-BF4B-00C04F79EFBC}") = "S_InventoryPosting", "S_InventoryPosting\S_InventoryPosting.csproj", "{02C1A080-69E0-496D-B932-636E226AEBFD}"
EndProject
Project("{FAE04EC0-301F-11D3-BF4B-00C04F79EFBC}") = "U_DUTRU", "U_DUTRU\U_DUTRU.csproj", "{F6D621BE-43A9-460A-81E1-69148B907718}"
EndProject
Project("{FAE04EC0-301F-11D3-BF4B-00C04F79EFBC}") = "R_BCTC", "R_BCTC\R_BCTC.csproj", "{6D923F79-29C5-43C7-892F-E27FEE20EA78}"
EndProject
Project("{FAE04EC0-301F-11D3-BF4B-00C04F79EFBC}") = "PurchaseBlanketAgreement", "PurchaseBlanketAgreement\PurchaseBlanketAgreement.csproj", "{A97E0E47-BEA7-4FBD-AD80-FC2275F64DEA}"
EndProject
Project("{FAE04EC0-301F-11D3-BF4B-00C04F79EFBC}") = "U_ApproveJV", "U_ApproveJV\U_ApproveJV.csproj", "{32632ECE-581A-43ED-851B-68DDC7CF9168}"
EndProject
Project("{FAE04EC0-301F-11D3-BF4B-00C04F79EFBC}") = "JE_TEST", "JE_TEST\JE_TEST.csproj", "{AF1B09E0-6C2F-4A65-BBDC-41DE9AD39E18}"
EndProject
Project("{FAE04EC0-301F-11D3-BF4B-00C04F79EFBC}") = "S_Del_JE", "S_Del_JE\S_Del_JE.csproj", "{0DEE6542-2D7F-4D25-AAFE-FEAA0067BE54}"
EndProject
Project("{FAE04EC0-301F-11D3-BF4B-00C04F79EFBC}") = "UserMenu", "UserMenu\UserMenu.csproj", "{D53270EE-2650-4A64-9FAA-F60EEDFB16BC}"
EndProject
Project("{FAE04EC0-301F-11D3-BF4B-00C04F79EFBC}") = "Excel_On_Web", "Excel_On_Web\Excel_On_Web.csproj", "{BB32D413-B7BB-4831-A074-2C7C160D8CE8}"
EndProject
Global
	GlobalSection(SolutionConfigurationPlatforms) = preSolution
		Debug|Any CPU = Debug|Any CPU
		Debug|Mixed Platforms = Debug|Mixed Platforms
		Debug|x64 = Debug|x64
		Debug|x86 = Debug|x86
		Release|Any CPU = Release|Any CPU
		Release|Mixed Platforms = Release|Mixed Platforms
		Release|x64 = Release|x64
		Release|x86 = Release|x86
	EndGlobalSection
	GlobalSection(ProjectConfigurationPlatforms) = postSolution
		{51F57637-F200-423E-A2A7-9319911C51DD}.Debug|Any CPU.ActiveCfg = Debug|Any CPU
		{51F57637-F200-423E-A2A7-9319911C51DD}.Debug|Any CPU.Build.0 = Debug|Any CPU
		{51F57637-F200-423E-A2A7-9319911C51DD}.Debug|Mixed Platforms.ActiveCfg = Debug|Any CPU
		{51F57637-F200-423E-A2A7-9319911C51DD}.Debug|Mixed Platforms.Build.0 = Debug|Any CPU
		{51F57637-F200-423E-A2A7-9319911C51DD}.Debug|x64.ActiveCfg = Debug|x64
		{51F57637-F200-423E-A2A7-9319911C51DD}.Debug|x86.ActiveCfg = Debug|Any CPU
		{51F57637-F200-423E-A2A7-9319911C51DD}.Release|Any CPU.ActiveCfg = Release|Any CPU
		{51F57637-F200-423E-A2A7-9319911C51DD}.Release|Mixed Platforms.ActiveCfg = Release|Any CPU
		{51F57637-F200-423E-A2A7-9319911C51DD}.Release|Mixed Platforms.Build.0 = Release|Any CPU
		{51F57637-F200-423E-A2A7-9319911C51DD}.Release|x64.ActiveCfg = Release|x64
		{51F57637-F200-423E-A2A7-9319911C51DD}.Release|x64.Build.0 = Release|x64
		{51F57637-F200-423E-A2A7-9319911C51DD}.Release|x86.ActiveCfg = Release|Any CPU
		{61B2703C-7A00-48E1-B651-675FE7CB9577}.Debug|Any CPU.ActiveCfg = Debug|Any CPU
		{61B2703C-7A00-48E1-B651-675FE7CB9577}.Debug|Any CPU.Build.0 = Debug|Any CPU
		{61B2703C-7A00-48E1-B651-675FE7CB9577}.Debug|Mixed Platforms.ActiveCfg = Debug|Any CPU
		{61B2703C-7A00-48E1-B651-675FE7CB9577}.Debug|Mixed Platforms.Build.0 = Debug|Any CPU
		{61B2703C-7A00-48E1-B651-675FE7CB9577}.Debug|x64.ActiveCfg = Debug|x64
		{61B2703C-7A00-48E1-B651-675FE7CB9577}.Debug|x86.ActiveCfg = Debug|Any CPU
		{61B2703C-7A00-48E1-B651-675FE7CB9577}.Release|Any CPU.ActiveCfg = Release|Any CPU
		{61B2703C-7A00-48E1-B651-675FE7CB9577}.Release|Mixed Platforms.ActiveCfg = Release|Any CPU
		{61B2703C-7A00-48E1-B651-675FE7CB9577}.Release|Mixed Platforms.Build.0 = Release|Any CPU
		{61B2703C-7A00-48E1-B651-675FE7CB9577}.Release|x64.ActiveCfg = Release|x64
		{61B2703C-7A00-48E1-B651-675FE7CB9577}.Release|x64.Build.0 = Release|x64
		{61B2703C-7A00-48E1-B651-675FE7CB9577}.Release|x86.ActiveCfg = Release|Any CPU
		{B3134511-6377-4D61-8D92-3484B0D2B800}.Debug|Any CPU.ActiveCfg = Debug|Any CPU
		{B3134511-6377-4D61-8D92-3484B0D2B800}.Debug|Any CPU.Build.0 = Debug|Any CPU
		{B3134511-6377-4D61-8D92-3484B0D2B800}.Debug|Mixed Platforms.ActiveCfg = Debug|Any CPU
		{B3134511-6377-4D61-8D92-3484B0D2B800}.Debug|Mixed Platforms.Build.0 = Debug|Any CPU
		{B3134511-6377-4D61-8D92-3484B0D2B800}.Debug|x64.ActiveCfg = Debug|x64
		{B3134511-6377-4D61-8D92-3484B0D2B800}.Debug|x86.ActiveCfg = Debug|Any CPU
		{B3134511-6377-4D61-8D92-3484B0D2B800}.Release|Any CPU.ActiveCfg = Release|Any CPU
		{B3134511-6377-4D61-8D92-3484B0D2B800}.Release|Mixed Platforms.ActiveCfg = Release|Any CPU
		{B3134511-6377-4D61-8D92-3484B0D2B800}.Release|Mixed Platforms.Build.0 = Release|Any CPU
		{B3134511-6377-4D61-8D92-3484B0D2B800}.Release|x64.ActiveCfg = Release|x64
		{B3134511-6377-4D61-8D92-3484B0D2B800}.Release|x64.Build.0 = Release|x64
		{B3134511-6377-4D61-8D92-3484B0D2B800}.Release|x86.ActiveCfg = Release|Any CPU
		{596286BD-1CC5-4117-8FE5-9E80EFDBD044}.Debug|Any CPU.ActiveCfg = Debug|Any CPU
		{596286BD-1CC5-4117-8FE5-9E80EFDBD044}.Debug|Any CPU.Build.0 = Debug|Any CPU
		{596286BD-1CC5-4117-8FE5-9E80EFDBD044}.Debug|Mixed Platforms.ActiveCfg = Debug|Any CPU
		{596286BD-1CC5-4117-8FE5-9E80EFDBD044}.Debug|Mixed Platforms.Build.0 = Debug|Any CPU
		{596286BD-1CC5-4117-8FE5-9E80EFDBD044}.Debug|x64.ActiveCfg = Debug|Any CPU
		{596286BD-1CC5-4117-8FE5-9E80EFDBD044}.Debug|x86.ActiveCfg = Debug|Any CPU
		{596286BD-1CC5-4117-8FE5-9E80EFDBD044}.Release|Any CPU.ActiveCfg = Release|Any CPU
		{596286BD-1CC5-4117-8FE5-9E80EFDBD044}.Release|Mixed Platforms.ActiveCfg = Release|Any CPU
		{596286BD-1CC5-4117-8FE5-9E80EFDBD044}.Release|Mixed Platforms.Build.0 = Release|Any CPU
		{596286BD-1CC5-4117-8FE5-9E80EFDBD044}.Release|x64.ActiveCfg = Release|x64
		{596286BD-1CC5-4117-8FE5-9E80EFDBD044}.Release|x64.Build.0 = Release|x64
		{596286BD-1CC5-4117-8FE5-9E80EFDBD044}.Release|x86.ActiveCfg = Release|Any CPU
		{17D8843D-4AAE-4978-8A82-76616496E20D}.Debug|Any CPU.ActiveCfg = Debug|Any CPU
		{17D8843D-4AAE-4978-8A82-76616496E20D}.Debug|Any CPU.Build.0 = Debug|Any CPU
		{17D8843D-4AAE-4978-8A82-76616496E20D}.Debug|Mixed Platforms.ActiveCfg = Debug|x86
		{17D8843D-4AAE-4978-8A82-76616496E20D}.Debug|Mixed Platforms.Build.0 = Debug|x86
		{17D8843D-4AAE-4978-8A82-76616496E20D}.Debug|x64.ActiveCfg = Debug|x64
		{17D8843D-4AAE-4978-8A82-76616496E20D}.Debug|x86.ActiveCfg = Debug|x86
		{17D8843D-4AAE-4978-8A82-76616496E20D}.Debug|x86.Build.0 = Debug|x86
		{17D8843D-4AAE-4978-8A82-76616496E20D}.Release|Any CPU.ActiveCfg = Release|Any CPU
		{17D8843D-4AAE-4978-8A82-76616496E20D}.Release|Any CPU.Build.0 = Release|Any CPU
		{17D8843D-4AAE-4978-8A82-76616496E20D}.Release|Mixed Platforms.ActiveCfg = Release|x86
		{17D8843D-4AAE-4978-8A82-76616496E20D}.Release|Mixed Platforms.Build.0 = Release|x86
		{17D8843D-4AAE-4978-8A82-76616496E20D}.Release|x64.ActiveCfg = Release|x64
		{17D8843D-4AAE-4978-8A82-76616496E20D}.Release|x64.Build.0 = Release|x64
		{17D8843D-4AAE-4978-8A82-76616496E20D}.Release|x86.ActiveCfg = Release|x64
		{17D8843D-4AAE-4978-8A82-76616496E20D}.Release|x86.Build.0 = Release|x64
		{16A72916-D106-44E3-9036-11CE1A2DEE28}.Debug|Any CPU.ActiveCfg = Debug|Any CPU
		{16A72916-D106-44E3-9036-11CE1A2DEE28}.Debug|Any CPU.Build.0 = Debug|Any CPU
		{16A72916-D106-44E3-9036-11CE1A2DEE28}.Debug|Mixed Platforms.ActiveCfg = Debug|Any CPU
		{16A72916-D106-44E3-9036-11CE1A2DEE28}.Debug|Mixed Platforms.Build.0 = Debug|Any CPU
		{16A72916-D106-44E3-9036-11CE1A2DEE28}.Debug|x64.ActiveCfg = Debug|x64
		{16A72916-D106-44E3-9036-11CE1A2DEE28}.Debug|x86.ActiveCfg = Debug|x86
		{16A72916-D106-44E3-9036-11CE1A2DEE28}.Release|Any CPU.ActiveCfg = Release|Any CPU
		{16A72916-D106-44E3-9036-11CE1A2DEE28}.Release|Any CPU.Build.0 = Release|Any CPU
		{16A72916-D106-44E3-9036-11CE1A2DEE28}.Release|Mixed Platforms.ActiveCfg = Release|Any CPU
		{16A72916-D106-44E3-9036-11CE1A2DEE28}.Release|Mixed Platforms.Build.0 = Release|Any CPU
		{16A72916-D106-44E3-9036-11CE1A2DEE28}.Release|x64.ActiveCfg = Release|x64
		{16A72916-D106-44E3-9036-11CE1A2DEE28}.Release|x64.Build.0 = Release|x64
		{16A72916-D106-44E3-9036-11CE1A2DEE28}.Release|x86.ActiveCfg = Release|Any CPU
		{AE2A8756-902A-45F4-A28C-2814B56E282D}.Debug|Any CPU.ActiveCfg = Debug|Any CPU
		{AE2A8756-902A-45F4-A28C-2814B56E282D}.Debug|Any CPU.Build.0 = Debug|Any CPU
		{AE2A8756-902A-45F4-A28C-2814B56E282D}.Debug|Mixed Platforms.ActiveCfg = Debug|Any CPU
		{AE2A8756-902A-45F4-A28C-2814B56E282D}.Debug|Mixed Platforms.Build.0 = Debug|Any CPU
		{AE2A8756-902A-45F4-A28C-2814B56E282D}.Debug|x64.ActiveCfg = Debug|Any CPU
		{AE2A8756-902A-45F4-A28C-2814B56E282D}.Debug|x86.ActiveCfg = Debug|Any CPU
		{AE2A8756-902A-45F4-A28C-2814B56E282D}.Release|Any CPU.ActiveCfg = Release|Any CPU
		{AE2A8756-902A-45F4-A28C-2814B56E282D}.Release|Any CPU.Build.0 = Release|Any CPU
		{AE2A8756-902A-45F4-A28C-2814B56E282D}.Release|Mixed Platforms.ActiveCfg = Release|Any CPU
		{AE2A8756-902A-45F4-A28C-2814B56E282D}.Release|Mixed Platforms.Build.0 = Release|Any CPU
		{AE2A8756-902A-45F4-A28C-2814B56E282D}.Release|x64.ActiveCfg = Release|x64
		{AE2A8756-902A-45F4-A28C-2814B56E282D}.Release|x64.Build.0 = Release|x64
		{AE2A8756-902A-45F4-A28C-2814B56E282D}.Release|x86.ActiveCfg = Release|Any CPU
		{020FABA5-1147-42D6-8872-77628558B153}.Debug|Any CPU.ActiveCfg = Debug|Any CPU
		{020FABA5-1147-42D6-8872-77628558B153}.Debug|Any CPU.Build.0 = Debug|Any CPU
		{020FABA5-1147-42D6-8872-77628558B153}.Debug|Mixed Platforms.ActiveCfg = Debug|Any CPU
		{020FABA5-1147-42D6-8872-77628558B153}.Debug|Mixed Platforms.Build.0 = Debug|Any CPU
		{020FABA5-1147-42D6-8872-77628558B153}.Debug|x64.ActiveCfg = Debug|Any CPU
		{020FABA5-1147-42D6-8872-77628558B153}.Debug|x86.ActiveCfg = Debug|Any CPU
		{020FABA5-1147-42D6-8872-77628558B153}.Release|Any CPU.ActiveCfg = Release|Any CPU
		{020FABA5-1147-42D6-8872-77628558B153}.Release|Any CPU.Build.0 = Release|Any CPU
		{020FABA5-1147-42D6-8872-77628558B153}.Release|Mixed Platforms.ActiveCfg = Release|Any CPU
		{020FABA5-1147-42D6-8872-77628558B153}.Release|Mixed Platforms.Build.0 = Release|Any CPU
		{020FABA5-1147-42D6-8872-77628558B153}.Release|x64.ActiveCfg = Release|x64
		{020FABA5-1147-42D6-8872-77628558B153}.Release|x64.Build.0 = Release|x64
		{020FABA5-1147-42D6-8872-77628558B153}.Release|x86.ActiveCfg = Release|Any CPU
		{C88553BB-9F09-42B0-9B95-EC7D451A1DB9}.Debug|Any CPU.ActiveCfg = Debug|Any CPU
		{C88553BB-9F09-42B0-9B95-EC7D451A1DB9}.Debug|Any CPU.Build.0 = Debug|Any CPU
		{C88553BB-9F09-42B0-9B95-EC7D451A1DB9}.Debug|Mixed Platforms.ActiveCfg = Debug|Any CPU
		{C88553BB-9F09-42B0-9B95-EC7D451A1DB9}.Debug|Mixed Platforms.Build.0 = Debug|Any CPU
		{C88553BB-9F09-42B0-9B95-EC7D451A1DB9}.Debug|x64.ActiveCfg = Debug|Any CPU
		{C88553BB-9F09-42B0-9B95-EC7D451A1DB9}.Debug|x86.ActiveCfg = Debug|Any CPU
		{C88553BB-9F09-42B0-9B95-EC7D451A1DB9}.Release|Any CPU.ActiveCfg = Release|Any CPU
		{C88553BB-9F09-42B0-9B95-EC7D451A1DB9}.Release|Any CPU.Build.0 = Release|Any CPU
		{C88553BB-9F09-42B0-9B95-EC7D451A1DB9}.Release|Mixed Platforms.ActiveCfg = Release|Any CPU
		{C88553BB-9F09-42B0-9B95-EC7D451A1DB9}.Release|Mixed Platforms.Build.0 = Release|Any CPU
		{C88553BB-9F09-42B0-9B95-EC7D451A1DB9}.Release|x64.ActiveCfg = Release|x64
		{C88553BB-9F09-42B0-9B95-EC7D451A1DB9}.Release|x64.Build.0 = Release|x64
		{C88553BB-9F09-42B0-9B95-EC7D451A1DB9}.Release|x86.ActiveCfg = Release|Any CPU
		{60D55FAD-DDF7-4F47-BEE2-3A42718C62FE}.Debug|Any CPU.ActiveCfg = Debug|Any CPU
		{60D55FAD-DDF7-4F47-BEE2-3A42718C62FE}.Debug|Any CPU.Build.0 = Debug|Any CPU
		{60D55FAD-DDF7-4F47-BEE2-3A42718C62FE}.Debug|Mixed Platforms.ActiveCfg = Debug|Any CPU
		{60D55FAD-DDF7-4F47-BEE2-3A42718C62FE}.Debug|Mixed Platforms.Build.0 = Debug|Any CPU
		{60D55FAD-DDF7-4F47-BEE2-3A42718C62FE}.Debug|x64.ActiveCfg = Debug|Any CPU
		{60D55FAD-DDF7-4F47-BEE2-3A42718C62FE}.Debug|x86.ActiveCfg = Debug|Any CPU
		{60D55FAD-DDF7-4F47-BEE2-3A42718C62FE}.Release|Any CPU.ActiveCfg = Release|Any CPU
		{60D55FAD-DDF7-4F47-BEE2-3A42718C62FE}.Release|Any CPU.Build.0 = Release|Any CPU
		{60D55FAD-DDF7-4F47-BEE2-3A42718C62FE}.Release|Mixed Platforms.ActiveCfg = Release|Any CPU
		{60D55FAD-DDF7-4F47-BEE2-3A42718C62FE}.Release|Mixed Platforms.Build.0 = Release|Any CPU
		{60D55FAD-DDF7-4F47-BEE2-3A42718C62FE}.Release|x64.ActiveCfg = Release|x64
		{60D55FAD-DDF7-4F47-BEE2-3A42718C62FE}.Release|x64.Build.0 = Release|x64
		{60D55FAD-DDF7-4F47-BEE2-3A42718C62FE}.Release|x86.ActiveCfg = Release|Any CPU
		{DB837E67-4B88-40D9-87C4-BF1DF00F54AD}.Debug|Any CPU.ActiveCfg = Debug|Any CPU
		{DB837E67-4B88-40D9-87C4-BF1DF00F54AD}.Debug|Any CPU.Build.0 = Debug|Any CPU
		{DB837E67-4B88-40D9-87C4-BF1DF00F54AD}.Debug|Mixed Platforms.ActiveCfg = Debug|Any CPU
		{DB837E67-4B88-40D9-87C4-BF1DF00F54AD}.Debug|Mixed Platforms.Build.0 = Debug|Any CPU
		{DB837E67-4B88-40D9-87C4-BF1DF00F54AD}.Debug|x64.ActiveCfg = Debug|Any CPU
		{DB837E67-4B88-40D9-87C4-BF1DF00F54AD}.Debug|x86.ActiveCfg = Debug|Any CPU
		{DB837E67-4B88-40D9-87C4-BF1DF00F54AD}.Release|Any CPU.ActiveCfg = Release|Any CPU
		{DB837E67-4B88-40D9-87C4-BF1DF00F54AD}.Release|Any CPU.Build.0 = Release|Any CPU
		{DB837E67-4B88-40D9-87C4-BF1DF00F54AD}.Release|Mixed Platforms.ActiveCfg = Release|Any CPU
		{DB837E67-4B88-40D9-87C4-BF1DF00F54AD}.Release|Mixed Platforms.Build.0 = Release|Any CPU
		{DB837E67-4B88-40D9-87C4-BF1DF00F54AD}.Release|x64.ActiveCfg = Release|x64
		{DB837E67-4B88-40D9-87C4-BF1DF00F54AD}.Release|x64.Build.0 = Release|x64
		{DB837E67-4B88-40D9-87C4-BF1DF00F54AD}.Release|x86.ActiveCfg = Release|Any CPU
		{B4427555-23A9-49F9-90A8-6D93B8B7A632}.Debug|Any CPU.ActiveCfg = Debug|Any CPU
		{B4427555-23A9-49F9-90A8-6D93B8B7A632}.Debug|Any CPU.Build.0 = Debug|Any CPU
		{B4427555-23A9-49F9-90A8-6D93B8B7A632}.Debug|Mixed Platforms.ActiveCfg = Debug|Any CPU
		{B4427555-23A9-49F9-90A8-6D93B8B7A632}.Debug|Mixed Platforms.Build.0 = Debug|Any CPU
		{B4427555-23A9-49F9-90A8-6D93B8B7A632}.Debug|x64.ActiveCfg = Debug|Any CPU
		{B4427555-23A9-49F9-90A8-6D93B8B7A632}.Debug|x86.ActiveCfg = Debug|Any CPU
		{B4427555-23A9-49F9-90A8-6D93B8B7A632}.Release|Any CPU.ActiveCfg = Release|Any CPU
		{B4427555-23A9-49F9-90A8-6D93B8B7A632}.Release|Any CPU.Build.0 = Release|Any CPU
		{B4427555-23A9-49F9-90A8-6D93B8B7A632}.Release|Mixed Platforms.ActiveCfg = Release|Any CPU
		{B4427555-23A9-49F9-90A8-6D93B8B7A632}.Release|Mixed Platforms.Build.0 = Release|Any CPU
		{B4427555-23A9-49F9-90A8-6D93B8B7A632}.Release|x64.ActiveCfg = Release|x64
		{B4427555-23A9-49F9-90A8-6D93B8B7A632}.Release|x64.Build.0 = Release|x64
		{B4427555-23A9-49F9-90A8-6D93B8B7A632}.Release|x86.ActiveCfg = Release|Any CPU
		{02C1A080-69E0-496D-B932-636E226AEBFD}.Debug|Any CPU.ActiveCfg = Debug|Any CPU
		{02C1A080-69E0-496D-B932-636E226AEBFD}.Debug|Any CPU.Build.0 = Debug|Any CPU
		{02C1A080-69E0-496D-B932-636E226AEBFD}.Debug|Mixed Platforms.ActiveCfg = Debug|Any CPU
		{02C1A080-69E0-496D-B932-636E226AEBFD}.Debug|Mixed Platforms.Build.0 = Debug|Any CPU
		{02C1A080-69E0-496D-B932-636E226AEBFD}.Debug|x64.ActiveCfg = Debug|Any CPU
		{02C1A080-69E0-496D-B932-636E226AEBFD}.Debug|x86.ActiveCfg = Debug|Any CPU
		{02C1A080-69E0-496D-B932-636E226AEBFD}.Release|Any CPU.ActiveCfg = Release|Any CPU
		{02C1A080-69E0-496D-B932-636E226AEBFD}.Release|Any CPU.Build.0 = Release|Any CPU
		{02C1A080-69E0-496D-B932-636E226AEBFD}.Release|Mixed Platforms.ActiveCfg = Release|Any CPU
		{02C1A080-69E0-496D-B932-636E226AEBFD}.Release|Mixed Platforms.Build.0 = Release|Any CPU
		{02C1A080-69E0-496D-B932-636E226AEBFD}.Release|x64.ActiveCfg = Release|x64
		{02C1A080-69E0-496D-B932-636E226AEBFD}.Release|x64.Build.0 = Release|x64
		{02C1A080-69E0-496D-B932-636E226AEBFD}.Release|x86.ActiveCfg = Release|Any CPU
		{F6D621BE-43A9-460A-81E1-69148B907718}.Debug|Any CPU.ActiveCfg = Debug|Any CPU
		{F6D621BE-43A9-460A-81E1-69148B907718}.Debug|Any CPU.Build.0 = Debug|Any CPU
		{F6D621BE-43A9-460A-81E1-69148B907718}.Debug|Mixed Platforms.ActiveCfg = Debug|Any CPU
		{F6D621BE-43A9-460A-81E1-69148B907718}.Debug|Mixed Platforms.Build.0 = Debug|Any CPU
		{F6D621BE-43A9-460A-81E1-69148B907718}.Debug|x64.ActiveCfg = Debug|Any CPU
		{F6D621BE-43A9-460A-81E1-69148B907718}.Debug|x86.ActiveCfg = Debug|x86
		{F6D621BE-43A9-460A-81E1-69148B907718}.Release|Any CPU.ActiveCfg = Release|Any CPU
		{F6D621BE-43A9-460A-81E1-69148B907718}.Release|Any CPU.Build.0 = Release|Any CPU
		{F6D621BE-43A9-460A-81E1-69148B907718}.Release|Mixed Platforms.ActiveCfg = Release|Any CPU
		{F6D621BE-43A9-460A-81E1-69148B907718}.Release|Mixed Platforms.Build.0 = Release|Any CPU
		{F6D621BE-43A9-460A-81E1-69148B907718}.Release|x64.ActiveCfg = Release|x64
		{F6D621BE-43A9-460A-81E1-69148B907718}.Release|x64.Build.0 = Release|x64
		{F6D621BE-43A9-460A-81E1-69148B907718}.Release|x86.ActiveCfg = Release|Any CPU
		{6D923F79-29C5-43C7-892F-E27FEE20EA78}.Debug|Any CPU.ActiveCfg = Debug|Any CPU
		{6D923F79-29C5-43C7-892F-E27FEE20EA78}.Debug|Any CPU.Build.0 = Debug|Any CPU
		{6D923F79-29C5-43C7-892F-E27FEE20EA78}.Debug|Mixed Platforms.ActiveCfg = Debug|Any CPU
		{6D923F79-29C5-43C7-892F-E27FEE20EA78}.Debug|Mixed Platforms.Build.0 = Debug|Any CPU
		{6D923F79-29C5-43C7-892F-E27FEE20EA78}.Debug|x64.ActiveCfg = Debug|Any CPU
		{6D923F79-29C5-43C7-892F-E27FEE20EA78}.Debug|x64.Build.0 = Debug|Any CPU
		{6D923F79-29C5-43C7-892F-E27FEE20EA78}.Debug|x86.ActiveCfg = Debug|x86
		{6D923F79-29C5-43C7-892F-E27FEE20EA78}.Debug|x86.Build.0 = Debug|x86
		{6D923F79-29C5-43C7-892F-E27FEE20EA78}.Release|Any CPU.ActiveCfg = Release|Any CPU
		{6D923F79-29C5-43C7-892F-E27FEE20EA78}.Release|Any CPU.Build.0 = Release|Any CPU
		{6D923F79-29C5-43C7-892F-E27FEE20EA78}.Release|Mixed Platforms.ActiveCfg = Release|Any CPU
		{6D923F79-29C5-43C7-892F-E27FEE20EA78}.Release|Mixed Platforms.Build.0 = Release|Any CPU
		{6D923F79-29C5-43C7-892F-E27FEE20EA78}.Release|x64.ActiveCfg = Release|x64
		{6D923F79-29C5-43C7-892F-E27FEE20EA78}.Release|x64.Build.0 = Release|x64
		{6D923F79-29C5-43C7-892F-E27FEE20EA78}.Release|x86.ActiveCfg = Release|Any CPU
		{A97E0E47-BEA7-4FBD-AD80-FC2275F64DEA}.Debug|Any CPU.ActiveCfg = Debug|Any CPU
		{A97E0E47-BEA7-4FBD-AD80-FC2275F64DEA}.Debug|Any CPU.Build.0 = Debug|Any CPU
		{A97E0E47-BEA7-4FBD-AD80-FC2275F64DEA}.Debug|Mixed Platforms.ActiveCfg = Debug|Any CPU
		{A97E0E47-BEA7-4FBD-AD80-FC2275F64DEA}.Debug|Mixed Platforms.Build.0 = Debug|Any CPU
		{A97E0E47-BEA7-4FBD-AD80-FC2275F64DEA}.Debug|x64.ActiveCfg = Debug|x64
		{A97E0E47-BEA7-4FBD-AD80-FC2275F64DEA}.Debug|x64.Build.0 = Debug|x64
		{A97E0E47-BEA7-4FBD-AD80-FC2275F64DEA}.Debug|x86.ActiveCfg = Debug|x86
		{A97E0E47-BEA7-4FBD-AD80-FC2275F64DEA}.Debug|x86.Build.0 = Debug|x86
		{A97E0E47-BEA7-4FBD-AD80-FC2275F64DEA}.Release|Any CPU.ActiveCfg = Release|Any CPU
		{A97E0E47-BEA7-4FBD-AD80-FC2275F64DEA}.Release|Any CPU.Build.0 = Release|Any CPU
		{A97E0E47-BEA7-4FBD-AD80-FC2275F64DEA}.Release|Mixed Platforms.ActiveCfg = Release|Any CPU
		{A97E0E47-BEA7-4FBD-AD80-FC2275F64DEA}.Release|Mixed Platforms.Build.0 = Release|Any CPU
		{A97E0E47-BEA7-4FBD-AD80-FC2275F64DEA}.Release|x64.ActiveCfg = Release|x64
		{A97E0E47-BEA7-4FBD-AD80-FC2275F64DEA}.Release|x64.Build.0 = Release|x64
		{A97E0E47-BEA7-4FBD-AD80-FC2275F64DEA}.Release|x86.ActiveCfg = Release|Any CPU
		{32632ECE-581A-43ED-851B-68DDC7CF9168}.Debug|Any CPU.ActiveCfg = Debug|Any CPU
		{32632ECE-581A-43ED-851B-68DDC7CF9168}.Debug|Any CPU.Build.0 = Debug|Any CPU
		{32632ECE-581A-43ED-851B-68DDC7CF9168}.Debug|Mixed Platforms.ActiveCfg = Debug|Any CPU
		{32632ECE-581A-43ED-851B-68DDC7CF9168}.Debug|Mixed Platforms.Build.0 = Debug|Any CPU
		{32632ECE-581A-43ED-851B-68DDC7CF9168}.Debug|x64.ActiveCfg = Debug|Any CPU
		{32632ECE-581A-43ED-851B-68DDC7CF9168}.Debug|x86.ActiveCfg = Debug|Any CPU
		{32632ECE-581A-43ED-851B-68DDC7CF9168}.Debug|x86.Build.0 = Debug|Any CPU
		{32632ECE-581A-43ED-851B-68DDC7CF9168}.Release|Any CPU.ActiveCfg = Release|Any CPU
		{32632ECE-581A-43ED-851B-68DDC7CF9168}.Release|Any CPU.Build.0 = Release|Any CPU
		{32632ECE-581A-43ED-851B-68DDC7CF9168}.Release|Mixed Platforms.ActiveCfg = Release|Any CPU
		{32632ECE-581A-43ED-851B-68DDC7CF9168}.Release|Mixed Platforms.Build.0 = Release|Any CPU
		{32632ECE-581A-43ED-851B-68DDC7CF9168}.Release|x64.ActiveCfg = Release|x64
		{32632ECE-581A-43ED-851B-68DDC7CF9168}.Release|x64.Build.0 = Release|x64
		{32632ECE-581A-43ED-851B-68DDC7CF9168}.Release|x86.ActiveCfg = Release|Any CPU
		{AF1B09E0-6C2F-4A65-BBDC-41DE9AD39E18}.Debug|Any CPU.ActiveCfg = Debug|Any CPU
		{AF1B09E0-6C2F-4A65-BBDC-41DE9AD39E18}.Debug|Any CPU.Build.0 = Debug|Any CPU
		{AF1B09E0-6C2F-4A65-BBDC-41DE9AD39E18}.Debug|Mixed Platforms.ActiveCfg = Debug|Any CPU
		{AF1B09E0-6C2F-4A65-BBDC-41DE9AD39E18}.Debug|Mixed Platforms.Build.0 = Debug|Any CPU
		{AF1B09E0-6C2F-4A65-BBDC-41DE9AD39E18}.Debug|x64.ActiveCfg = Debug|x64
		{AF1B09E0-6C2F-4A65-BBDC-41DE9AD39E18}.Debug|x86.ActiveCfg = Debug|Any CPU
		{AF1B09E0-6C2F-4A65-BBDC-41DE9AD39E18}.Release|Any CPU.ActiveCfg = Release|Any CPU
		{AF1B09E0-6C2F-4A65-BBDC-41DE9AD39E18}.Release|Any CPU.Build.0 = Release|Any CPU
		{AF1B09E0-6C2F-4A65-BBDC-41DE9AD39E18}.Release|Mixed Platforms.ActiveCfg = Release|Any CPU
		{AF1B09E0-6C2F-4A65-BBDC-41DE9AD39E18}.Release|Mixed Platforms.Build.0 = Release|Any CPU
		{AF1B09E0-6C2F-4A65-BBDC-41DE9AD39E18}.Release|x64.ActiveCfg = Release|x64
		{AF1B09E0-6C2F-4A65-BBDC-41DE9AD39E18}.Release|x64.Build.0 = Release|x64
		{AF1B09E0-6C2F-4A65-BBDC-41DE9AD39E18}.Release|x86.ActiveCfg = Release|Any CPU
		{0DEE6542-2D7F-4D25-AAFE-FEAA0067BE54}.Debug|Any CPU.ActiveCfg = Debug|Any CPU
		{0DEE6542-2D7F-4D25-AAFE-FEAA0067BE54}.Debug|Any CPU.Build.0 = Debug|Any CPU
		{0DEE6542-2D7F-4D25-AAFE-FEAA0067BE54}.Debug|Mixed Platforms.ActiveCfg = Debug|Any CPU
		{0DEE6542-2D7F-4D25-AAFE-FEAA0067BE54}.Debug|Mixed Platforms.Build.0 = Debug|Any CPU
		{0DEE6542-2D7F-4D25-AAFE-FEAA0067BE54}.Debug|x64.ActiveCfg = Debug|Any CPU
		{0DEE6542-2D7F-4D25-AAFE-FEAA0067BE54}.Debug|x86.ActiveCfg = Debug|Any CPU
		{0DEE6542-2D7F-4D25-AAFE-FEAA0067BE54}.Release|Any CPU.ActiveCfg = Release|Any CPU
		{0DEE6542-2D7F-4D25-AAFE-FEAA0067BE54}.Release|Any CPU.Build.0 = Release|Any CPU
		{0DEE6542-2D7F-4D25-AAFE-FEAA0067BE54}.Release|Mixed Platforms.ActiveCfg = Release|Any CPU
		{0DEE6542-2D7F-4D25-AAFE-FEAA0067BE54}.Release|Mixed Platforms.Build.0 = Release|Any CPU
		{0DEE6542-2D7F-4D25-AAFE-FEAA0067BE54}.Release|x64.ActiveCfg = Release|x64
		{0DEE6542-2D7F-4D25-AAFE-FEAA0067BE54}.Release|x64.Build.0 = Release|x64
		{0DEE6542-2D7F-4D25-AAFE-FEAA0067BE54}.Release|x86.ActiveCfg = Release|Any CPU
		{D53270EE-2650-4A64-9FAA-F60EEDFB16BC}.Debug|Any CPU.ActiveCfg = Debug|Any CPU
		{D53270EE-2650-4A64-9FAA-F60EEDFB16BC}.Debug|Any CPU.Build.0 = Debug|Any CPU
		{D53270EE-2650-4A64-9FAA-F60EEDFB16BC}.Debug|Mixed Platforms.ActiveCfg = Debug|Any CPU
		{D53270EE-2650-4A64-9FAA-F60EEDFB16BC}.Debug|Mixed Platforms.Build.0 = Debug|Any CPU
		{D53270EE-2650-4A64-9FAA-F60EEDFB16BC}.Debug|x64.ActiveCfg = Debug|Any CPU
		{D53270EE-2650-4A64-9FAA-F60EEDFB16BC}.Debug|x86.ActiveCfg = Debug|Any CPU
		{D53270EE-2650-4A64-9FAA-F60EEDFB16BC}.Release|Any CPU.ActiveCfg = Release|Any CPU
		{D53270EE-2650-4A64-9FAA-F60EEDFB16BC}.Release|Any CPU.Build.0 = Release|Any CPU
		{D53270EE-2650-4A64-9FAA-F60EEDFB16BC}.Release|Mixed Platforms.ActiveCfg = Release|Any CPU
		{D53270EE-2650-4A64-9FAA-F60EEDFB16BC}.Release|Mixed Platforms.Build.0 = Release|Any CPU
		{D53270EE-2650-4A64-9FAA-F60EEDFB16BC}.Release|x64.ActiveCfg = Release|Any CPU
		{D53270EE-2650-4A64-9FAA-F60EEDFB16BC}.Release|x86.ActiveCfg = Release|Any CPU
		{BB32D413-B7BB-4831-A074-2C7C160D8CE8}.Debug|Any CPU.ActiveCfg = Debug|Any CPU
		{BB32D413-B7BB-4831-A074-2C7C160D8CE8}.Debug|Any CPU.Build.0 = Debug|Any CPU
		{BB32D413-B7BB-4831-A074-2C7C160D8CE8}.Debug|Mixed Platforms.ActiveCfg = Debug|Any CPU
		{BB32D413-B7BB-4831-A074-2C7C160D8CE8}.Debug|Mixed Platforms.Build.0 = Debug|Any CPU
		{BB32D413-B7BB-4831-A074-2C7C160D8CE8}.Debug|x64.ActiveCfg = Debug|Any CPU
		{BB32D413-B7BB-4831-A074-2C7C160D8CE8}.Debug|x86.ActiveCfg = Debug|Any CPU
		{BB32D413-B7BB-4831-A074-2C7C160D8CE8}.Release|Any CPU.ActiveCfg = Release|Any CPU
		{BB32D413-B7BB-4831-A074-2C7C160D8CE8}.Release|Any CPU.Build.0 = Release|Any CPU
		{BB32D413-B7BB-4831-A074-2C7C160D8CE8}.Release|Mixed Platforms.ActiveCfg = Release|Any CPU
		{BB32D413-B7BB-4831-A074-2C7C160D8CE8}.Release|Mixed Platforms.Build.0 = Release|Any CPU
		{BB32D413-B7BB-4831-A074-2C7C160D8CE8}.Release|x64.ActiveCfg = Release|Any CPU
		{BB32D413-B7BB-4831-A074-2C7C160D8CE8}.Release|x86.ActiveCfg = Release|Any CPU
	EndGlobalSection
	GlobalSection(SolutionProperties) = preSolution
		HideSolutionNode = FALSE
	EndGlobalSection
EndGlobal
